
Microsoft Visual Studio Solution File, Format Version 12.00
# Visual Studio Version 16
VisualStudioVersion = 16.0.30225.117
MinimumVisualStudioVersion = 10.0.40219.1
Project("{FAE04EC0-301F-11D3-BF4B-00C04F79EFBC}") = "UPS.EmployeeMaintenance.WPFClient", "UPS.EmployeeMaintenance.WPFClient.csproj", "{888189D3-E465-4529-ADFD-0D0E8C41E774}"
EndProject
Project("{9A19103F-16F7-4668-BE54-9A1E7A4F7556}") = "UPS.EmployeeMaintenance.Dtos", "..\UPS.EmployeeMaintenance.Dtos\UPS.EmployeeMaintenance.Dtos.csproj", "{71605E5E-6E96-4634-A66D-790055FD4298}"
EndProject
Project("{FAE04EC0-301F-11D3-BF4B-00C04F79EFBC}") = "UPS.EmployeeMaintenance.EmployeeService", "..\UPS.EmployeeMaintenance.EmployeeService\UPS.EmployeeMaintenance.EmployeeService.csproj", "{758EE023-3AAD-4B9D-A495-921EBDAA6AE4}"
EndProject
Global
	GlobalSection(SolutionConfigurationPlatforms) = preSolution
		Debug|Any CPU = Debug|Any CPU
		Release|Any CPU = Release|Any CPU
	EndGlobalSection
	GlobalSection(ProjectConfigurationPlatforms) = postSolution
		{888189D3-E465-4529-ADFD-0D0E8C41E774}.Debug|Any CPU.ActiveCfg = Debug|Any CPU
		{888189D3-E465-4529-ADFD-0D0E8C41E774}.Debug|Any CPU.Build.0 = Debug|Any CPU
		{888189D3-E465-4529-ADFD-0D0E8C41E774}.Release|Any CPU.ActiveCfg = Release|Any CPU
		{888189D3-E465-4529-ADFD-0D0E8C41E774}.Release|Any CPU.Build.0 = Release|Any CPU
		{71605E5E-6E96-4634-A66D-790055FD4298}.Debug|Any CPU.ActiveCfg = Debug|Any CPU
		{71605E5E-6E96-4634-A66D-790055FD4298}.Debug|Any CPU.Build.0 = Debug|Any CPU
		{71605E5E-6E96-4634-A66D-790055FD4298}.Release|Any CPU.ActiveCfg = Release|Any CPU
		{71605E5E-6E96-4634-A66D-790055FD4298}.Release|Any CPU.Build.0 = Release|Any CPU
		{758EE023-3AAD-4B9D-A495-921EBDAA6AE4}.Debug|Any CPU.ActiveCfg = Debug|Any CPU
		{758EE023-3AAD-4B9D-A495-921EBDAA6AE4}.Debug|Any CPU.Build.0 = Debug|Any CPU
		{758EE023-3AAD-4B9D-A495-921EBDAA6AE4}.Release|Any CPU.ActiveCfg = Release|Any CPU
		{758EE023-3AAD-4B9D-A495-921EBDAA6AE4}.Release|Any CPU.Build.0 = Release|Any CPU
	EndGlobalSection
	GlobalSection(SolutionProperties) = preSolution
		HideSolutionNode = FALSE
	EndGlobalSection
	GlobalSection(ExtensibilityGlobals) = postSolution
		SolutionGuid = {39CFF279-55BE-4321-84D5-D208A8814E3D}
	EndGlobalSection
EndGlobal
